
Microsoft Visual Studio Solution File, Format Version 12.00
# Visual Studio Version 17
VisualStudioVersion = 17.13.35818.85 d17.13
MinimumVisualStudioVersion = 10.0.40219.1
Project("{FAE04EC0-301F-11D3-BF4B-00C04F79EFBC}") = "ConsoleApp4", "ConsoleApp4\ConsoleApp4.csproj", "{354362C3-B954-42A8-B335-7E6527EC1AC7}"
EndProject
Global
	GlobalSection(SolutionConfigurationPlatforms) = preSolution
		Debug|Any CPU = Debug|Any CPU
		Release|Any CPU = Release|Any CPU
	EndGlobalSection
	GlobalSection(ProjectConfigurationPlatforms) = postSolution
		{354362C3-B954-42A8-B335-7E6527EC1AC7}.Debug|Any CPU.ActiveCfg = Debug|Any CPU
		{354362C3-B954-42A8-B335-7E6527EC1AC7}.Debug|Any CPU.Build.0 = Debug|Any CPU
		{354362C3-B954-42A8-B335-7E6527EC1AC7}.Release|Any CPU.ActiveCfg = Release|Any CPU
		{354362C3-B954-42A8-B335-7E6527EC1AC7}.Release|Any CPU.Build.0 = Release|Any CPU
	EndGlobalSection
	GlobalSection(SolutionProperties) = preSolution
		HideSolutionNode = FALSE
	EndGlobalSection
	GlobalSection(ExtensibilityGlobals) = postSolution
		SolutionGuid = {EA6D246A-4D4A-4EC8-B9CE-10BDCC151210}
	EndGlobalSection
EndGlobal
